
Microsoft Visual Studio Solution File, Format Version 12.00
# Visual Studio Version 16
VisualStudioVersion = 16.0.31729.503
MinimumVisualStudioVersion = 10.0.40219.1
Project("{9A19103F-16F7-4668-BE54-9A1E7A4F7556}") = "ChessV2", "ChessV2\ChessV2.csproj", "{3FB021ED-D7BA-42BD-AC6B-79D2BBEC5FD9}"
EndProject
Global
	GlobalSection(SolutionConfigurationPlatforms) = preSolution
		Debug|Any CPU = Debug|Any CPU
		Release|Any CPU = Release|Any CPU
	EndGlobalSection
	GlobalSection(ProjectConfigurationPlatforms) = postSolution
		{3FB021ED-D7BA-42BD-AC6B-79D2BBEC5FD9}.Debug|Any CPU.ActiveCfg = Debug|Any CPU
		{3FB021ED-D7BA-42BD-AC6B-79D2BBEC5FD9}.Debug|Any CPU.Build.0 = Debug|Any CPU
		{3FB021ED-D7BA-42BD-AC6B-79D2BBEC5FD9}.Release|Any CPU.ActiveCfg = Release|Any CPU
		{3FB021ED-D7BA-42BD-AC6B-79D2BBEC5FD9}.Release|Any CPU.Build.0 = Release|Any CPU
	EndGlobalSection
	GlobalSection(SolutionProperties) = preSolution
		HideSolutionNode = FALSE
	EndGlobalSection
	GlobalSection(ExtensibilityGlobals) = postSolution
		SolutionGuid = {F9B977F8-3168-4E03-B020-4F42A6681B2A}
	EndGlobalSection
EndGlobal
